
Microsoft Visual Studio Solution File, Format Version 12.00
# Visual Studio 15
VisualStudioVersion = 15.0.26730.12
MinimumVisualStudioVersion = 10.0.40219.1
Project("{9A19103F-16F7-4668-BE54-9A1E7A4F7556}") = "UPnP", "UPnP\UPnP.csproj", "{866F20FC-A855-4D2D-9E3E-69B53BA4A7A9}"
EndProject
Project("{9A19103F-16F7-4668-BE54-9A1E7A4F7556}") = "UPnP.Tests", "UPnP.Tests\UPnP.Tests.csproj", "{8E1D8415-1A07-485D-ACE0-F677CCF29688}"
EndProject
Project("{2150E333-8FDC-42A3-9474-1A3956D46DE8}") = "NuGet", "NuGet", "{63B0D4AC-DA4B-46D4-BB91-982F0E3F2AE9}"
	ProjectSection(SolutionItems) = preProject
		SSDP.nuspec = SSDP.nuspec
	EndProjectSection
EndProject
Project("{FAE04EC0-301F-11D3-BF4B-00C04F79EFBC}") = "UPnP.UWP", "UPnP.UWP\UPnP.UWP.csproj", "{9DB8D80D-58AC-40BA-A265-4D50BC099CBB}"
EndProject
Global
	GlobalSection(SolutionConfigurationPlatforms) = preSolution
		Debug|Any CPU = Debug|Any CPU
		Release|Any CPU = Release|Any CPU
	EndGlobalSection
	GlobalSection(ProjectConfigurationPlatforms) = postSolution
		{866F20FC-A855-4D2D-9E3E-69B53BA4A7A9}.Debug|Any CPU.ActiveCfg = Debug|Any CPU
		{866F20FC-A855-4D2D-9E3E-69B53BA4A7A9}.Debug|Any CPU.Build.0 = Debug|Any CPU
		{866F20FC-A855-4D2D-9E3E-69B53BA4A7A9}.Release|Any CPU.ActiveCfg = Release|Any CPU
		{866F20FC-A855-4D2D-9E3E-69B53BA4A7A9}.Release|Any CPU.Build.0 = Release|Any CPU
		{8E1D8415-1A07-485D-ACE0-F677CCF29688}.Debug|Any CPU.ActiveCfg = Debug|Any CPU
		{8E1D8415-1A07-485D-ACE0-F677CCF29688}.Debug|Any CPU.Build.0 = Debug|Any CPU
		{8E1D8415-1A07-485D-ACE0-F677CCF29688}.Release|Any CPU.ActiveCfg = Release|Any CPU
		{8E1D8415-1A07-485D-ACE0-F677CCF29688}.Release|Any CPU.Build.0 = Release|Any CPU
		{9DB8D80D-58AC-40BA-A265-4D50BC099CBB}.Debug|Any CPU.ActiveCfg = Debug|Any CPU
		{9DB8D80D-58AC-40BA-A265-4D50BC099CBB}.Debug|Any CPU.Build.0 = Debug|Any CPU
		{9DB8D80D-58AC-40BA-A265-4D50BC099CBB}.Release|Any CPU.ActiveCfg = Release|Any CPU
		{9DB8D80D-58AC-40BA-A265-4D50BC099CBB}.Release|Any CPU.Build.0 = Release|Any CPU
	EndGlobalSection
	GlobalSection(SolutionProperties) = preSolution
		HideSolutionNode = FALSE
	EndGlobalSection
	GlobalSection(ExtensibilityGlobals) = postSolution
		SolutionGuid = {2C2960ED-7738-44C5-93AC-AF7B237ACE56}
	EndGlobalSection
EndGlobal
