
Microsoft Visual Studio Solution File, Format Version 12.00
# Visual Studio 14
VisualStudioVersion = 14.0.24720.0
MinimumVisualStudioVersion = 10.0.40219.1
Project("{FAE04EC0-301F-11D3-BF4B-00C04F79EFBC}") = "UPnP", "UPnP\UPnP.csproj", "{F02DCDDF-B3A8-4DEF-A9B0-48591A80926A}"
EndProject
Project("{FAE04EC0-301F-11D3-BF4B-00C04F79EFBC}") = "UPnP.Android", "UPnP.Android\UPnP.Android.csproj", "{1BE9EABF-8EA6-456A-9701-3D349E3AF263}"
EndProject
Project("{FAE04EC0-301F-11D3-BF4B-00C04F79EFBC}") = "UPnP.NetFx45", "UPnP.NetFx45\UPnP.NetFx45.csproj", "{7EFFCD8E-68C0-46EC-962E-963F736B53FA}"
EndProject
Project("{FAE04EC0-301F-11D3-BF4B-00C04F79EFBC}") = "UPnP.WinRT", "UPnP.WinRT\UPnP.WinRT.csproj", "{DE02087D-1D33-48CA-8679-6A7E6B2B2A94}"
EndProject
Project("{2150E333-8FDC-42A3-9474-1A3956D46DE8}") = "Nuget", "Nuget", "{01ACA91B-0B60-4D13-965E-C372B2D399CA}"
	ProjectSection(SolutionItems) = preProject
		Package.nuspec = Package.nuspec
	EndProjectSection
EndProject
Project("{FAE04EC0-301F-11D3-BF4B-00C04F79EFBC}") = "UPnP.Tests", "UPnP.Tests\UPnP.Tests.csproj", "{A619D162-6008-4C90-8BB1-3D447EC84E4A}"
EndProject
Project("{2150E333-8FDC-42A3-9474-1A3956D46DE8}") = "Tests", "Tests", "{7827D917-1A01-4419-B4CF-7E594C1B2A63}"
EndProject
Project("{FAE04EC0-301F-11D3-BF4B-00C04F79EFBC}") = "UPnP.UWP.Tests", "UPnP.UWP.Tests\UPnP.UWP.Tests.csproj", "{F88F7F72-FB5A-4007-8970-B73A9C69E93B}"
EndProject
Global
	GlobalSection(SolutionConfigurationPlatforms) = preSolution
		Debug|Any CPU = Debug|Any CPU
		Debug|ARM = Debug|ARM
		Debug|x64 = Debug|x64
		Debug|x86 = Debug|x86
		Release|Any CPU = Release|Any CPU
		Release|ARM = Release|ARM
		Release|x64 = Release|x64
		Release|x86 = Release|x86
	EndGlobalSection
	GlobalSection(ProjectConfigurationPlatforms) = postSolution
		{F02DCDDF-B3A8-4DEF-A9B0-48591A80926A}.Debug|Any CPU.ActiveCfg = Debug|Any CPU
		{F02DCDDF-B3A8-4DEF-A9B0-48591A80926A}.Debug|Any CPU.Build.0 = Debug|Any CPU
		{F02DCDDF-B3A8-4DEF-A9B0-48591A80926A}.Debug|ARM.ActiveCfg = Debug|Any CPU
		{F02DCDDF-B3A8-4DEF-A9B0-48591A80926A}.Debug|ARM.Build.0 = Debug|Any CPU
		{F02DCDDF-B3A8-4DEF-A9B0-48591A80926A}.Debug|x64.ActiveCfg = Debug|Any CPU
		{F02DCDDF-B3A8-4DEF-A9B0-48591A80926A}.Debug|x64.Build.0 = Debug|Any CPU
		{F02DCDDF-B3A8-4DEF-A9B0-48591A80926A}.Debug|x86.ActiveCfg = Debug|Any CPU
		{F02DCDDF-B3A8-4DEF-A9B0-48591A80926A}.Debug|x86.Build.0 = Debug|Any CPU
		{F02DCDDF-B3A8-4DEF-A9B0-48591A80926A}.Release|Any CPU.ActiveCfg = Release|Any CPU
		{F02DCDDF-B3A8-4DEF-A9B0-48591A80926A}.Release|Any CPU.Build.0 = Release|Any CPU
		{F02DCDDF-B3A8-4DEF-A9B0-48591A80926A}.Release|ARM.ActiveCfg = Release|Any CPU
		{F02DCDDF-B3A8-4DEF-A9B0-48591A80926A}.Release|ARM.Build.0 = Release|Any CPU
		{F02DCDDF-B3A8-4DEF-A9B0-48591A80926A}.Release|x64.ActiveCfg = Release|Any CPU
		{F02DCDDF-B3A8-4DEF-A9B0-48591A80926A}.Release|x64.Build.0 = Release|Any CPU
		{F02DCDDF-B3A8-4DEF-A9B0-48591A80926A}.Release|x86.ActiveCfg = Release|Any CPU
		{F02DCDDF-B3A8-4DEF-A9B0-48591A80926A}.Release|x86.Build.0 = Release|Any CPU
		{1BE9EABF-8EA6-456A-9701-3D349E3AF263}.Debug|Any CPU.ActiveCfg = Debug|Any CPU
		{1BE9EABF-8EA6-456A-9701-3D349E3AF263}.Debug|Any CPU.Build.0 = Debug|Any CPU
		{1BE9EABF-8EA6-456A-9701-3D349E3AF263}.Debug|ARM.ActiveCfg = Debug|Any CPU
		{1BE9EABF-8EA6-456A-9701-3D349E3AF263}.Debug|ARM.Build.0 = Debug|Any CPU
		{1BE9EABF-8EA6-456A-9701-3D349E3AF263}.Debug|x64.ActiveCfg = Debug|Any CPU
		{1BE9EABF-8EA6-456A-9701-3D349E3AF263}.Debug|x64.Build.0 = Debug|Any CPU
		{1BE9EABF-8EA6-456A-9701-3D349E3AF263}.Debug|x86.ActiveCfg = Debug|Any CPU
		{1BE9EABF-8EA6-456A-9701-3D349E3AF263}.Debug|x86.Build.0 = Debug|Any CPU
		{1BE9EABF-8EA6-456A-9701-3D349E3AF263}.Release|Any CPU.ActiveCfg = Release|Any CPU
		{1BE9EABF-8EA6-456A-9701-3D349E3AF263}.Release|Any CPU.Build.0 = Release|Any CPU
		{1BE9EABF-8EA6-456A-9701-3D349E3AF263}.Release|ARM.ActiveCfg = Release|Any CPU
		{1BE9EABF-8EA6-456A-9701-3D349E3AF263}.Release|ARM.Build.0 = Release|Any CPU
		{1BE9EABF-8EA6-456A-9701-3D349E3AF263}.Release|x64.ActiveCfg = Release|Any CPU
		{1BE9EABF-8EA6-456A-9701-3D349E3AF263}.Release|x64.Build.0 = Release|Any CPU
		{1BE9EABF-8EA6-456A-9701-3D349E3AF263}.Release|x86.ActiveCfg = Release|Any CPU
		{1BE9EABF-8EA6-456A-9701-3D349E3AF263}.Release|x86.Build.0 = Release|Any CPU
		{7EFFCD8E-68C0-46EC-962E-963F736B53FA}.Debug|Any CPU.ActiveCfg = Debug|Any CPU
		{7EFFCD8E-68C0-46EC-962E-963F736B53FA}.Debug|Any CPU.Build.0 = Debug|Any CPU
		{7EFFCD8E-68C0-46EC-962E-963F736B53FA}.Debug|ARM.ActiveCfg = Debug|Any CPU
		{7EFFCD8E-68C0-46EC-962E-963F736B53FA}.Debug|ARM.Build.0 = Debug|Any CPU
		{7EFFCD8E-68C0-46EC-962E-963F736B53FA}.Debug|x64.ActiveCfg = Debug|Any CPU
		{7EFFCD8E-68C0-46EC-962E-963F736B53FA}.Debug|x64.Build.0 = Debug|Any CPU
		{7EFFCD8E-68C0-46EC-962E-963F736B53FA}.Debug|x86.ActiveCfg = Debug|Any CPU
		{7EFFCD8E-68C0-46EC-962E-963F736B53FA}.Debug|x86.Build.0 = Debug|Any CPU
		{7EFFCD8E-68C0-46EC-962E-963F736B53FA}.Release|Any CPU.ActiveCfg = Release|Any CPU
		{7EFFCD8E-68C0-46EC-962E-963F736B53FA}.Release|Any CPU.Build.0 = Release|Any CPU
		{7EFFCD8E-68C0-46EC-962E-963F736B53FA}.Release|ARM.ActiveCfg = Release|Any CPU
		{7EFFCD8E-68C0-46EC-962E-963F736B53FA}.Release|ARM.Build.0 = Release|Any CPU
		{7EFFCD8E-68C0-46EC-962E-963F736B53FA}.Release|x64.ActiveCfg = Release|Any CPU
		{7EFFCD8E-68C0-46EC-962E-963F736B53FA}.Release|x64.Build.0 = Release|Any CPU
		{7EFFCD8E-68C0-46EC-962E-963F736B53FA}.Release|x86.ActiveCfg = Release|Any CPU
		{7EFFCD8E-68C0-46EC-962E-963F736B53FA}.Release|x86.Build.0 = Release|Any CPU
		{DE02087D-1D33-48CA-8679-6A7E6B2B2A94}.Debug|Any CPU.ActiveCfg = Debug|Any CPU
		{DE02087D-1D33-48CA-8679-6A7E6B2B2A94}.Debug|Any CPU.Build.0 = Debug|Any CPU
		{DE02087D-1D33-48CA-8679-6A7E6B2B2A94}.Debug|ARM.ActiveCfg = Debug|Any CPU
		{DE02087D-1D33-48CA-8679-6A7E6B2B2A94}.Debug|ARM.Build.0 = Debug|Any CPU
		{DE02087D-1D33-48CA-8679-6A7E6B2B2A94}.Debug|x64.ActiveCfg = Debug|Any CPU
		{DE02087D-1D33-48CA-8679-6A7E6B2B2A94}.Debug|x64.Build.0 = Debug|Any CPU
		{DE02087D-1D33-48CA-8679-6A7E6B2B2A94}.Debug|x86.ActiveCfg = Debug|Any CPU
		{DE02087D-1D33-48CA-8679-6A7E6B2B2A94}.Debug|x86.Build.0 = Debug|Any CPU
		{DE02087D-1D33-48CA-8679-6A7E6B2B2A94}.Release|Any CPU.ActiveCfg = Release|Any CPU
		{DE02087D-1D33-48CA-8679-6A7E6B2B2A94}.Release|Any CPU.Build.0 = Release|Any CPU
		{DE02087D-1D33-48CA-8679-6A7E6B2B2A94}.Release|ARM.ActiveCfg = Release|Any CPU
		{DE02087D-1D33-48CA-8679-6A7E6B2B2A94}.Release|ARM.Build.0 = Release|Any CPU
		{DE02087D-1D33-48CA-8679-6A7E6B2B2A94}.Release|x64.ActiveCfg = Release|Any CPU
		{DE02087D-1D33-48CA-8679-6A7E6B2B2A94}.Release|x64.Build.0 = Release|Any CPU
		{DE02087D-1D33-48CA-8679-6A7E6B2B2A94}.Release|x86.ActiveCfg = Release|Any CPU
		{DE02087D-1D33-48CA-8679-6A7E6B2B2A94}.Release|x86.Build.0 = Release|Any CPU
		{A619D162-6008-4C90-8BB1-3D447EC84E4A}.Debug|Any CPU.ActiveCfg = Debug|Any CPU
		{A619D162-6008-4C90-8BB1-3D447EC84E4A}.Debug|Any CPU.Build.0 = Debug|Any CPU
		{A619D162-6008-4C90-8BB1-3D447EC84E4A}.Debug|ARM.ActiveCfg = Debug|Any CPU
		{A619D162-6008-4C90-8BB1-3D447EC84E4A}.Debug|ARM.Build.0 = Debug|Any CPU
		{A619D162-6008-4C90-8BB1-3D447EC84E4A}.Debug|x64.ActiveCfg = Debug|Any CPU
		{A619D162-6008-4C90-8BB1-3D447EC84E4A}.Debug|x64.Build.0 = Debug|Any CPU
		{A619D162-6008-4C90-8BB1-3D447EC84E4A}.Debug|x86.ActiveCfg = Debug|Any CPU
		{A619D162-6008-4C90-8BB1-3D447EC84E4A}.Debug|x86.Build.0 = Debug|Any CPU
		{A619D162-6008-4C90-8BB1-3D447EC84E4A}.Release|Any CPU.ActiveCfg = Release|Any CPU
		{A619D162-6008-4C90-8BB1-3D447EC84E4A}.Release|Any CPU.Build.0 = Release|Any CPU
		{A619D162-6008-4C90-8BB1-3D447EC84E4A}.Release|ARM.ActiveCfg = Release|Any CPU
		{A619D162-6008-4C90-8BB1-3D447EC84E4A}.Release|ARM.Build.0 = Release|Any CPU
		{A619D162-6008-4C90-8BB1-3D447EC84E4A}.Release|x64.ActiveCfg = Release|Any CPU
		{A619D162-6008-4C90-8BB1-3D447EC84E4A}.Release|x64.Build.0 = Release|Any CPU
		{A619D162-6008-4C90-8BB1-3D447EC84E4A}.Release|x86.ActiveCfg = Release|Any CPU
		{A619D162-6008-4C90-8BB1-3D447EC84E4A}.Release|x86.Build.0 = Release|Any CPU
		{F88F7F72-FB5A-4007-8970-B73A9C69E93B}.Debug|Any CPU.ActiveCfg = Debug|x86
		{F88F7F72-FB5A-4007-8970-B73A9C69E93B}.Debug|ARM.ActiveCfg = Debug|ARM
		{F88F7F72-FB5A-4007-8970-B73A9C69E93B}.Debug|ARM.Build.0 = Debug|ARM
		{F88F7F72-FB5A-4007-8970-B73A9C69E93B}.Debug|ARM.Deploy.0 = Debug|ARM
		{F88F7F72-FB5A-4007-8970-B73A9C69E93B}.Debug|x64.ActiveCfg = Debug|x64
		{F88F7F72-FB5A-4007-8970-B73A9C69E93B}.Debug|x64.Build.0 = Debug|x64
		{F88F7F72-FB5A-4007-8970-B73A9C69E93B}.Debug|x64.Deploy.0 = Debug|x64
		{F88F7F72-FB5A-4007-8970-B73A9C69E93B}.Debug|x86.ActiveCfg = Debug|x86
		{F88F7F72-FB5A-4007-8970-B73A9C69E93B}.Debug|x86.Build.0 = Debug|x86
		{F88F7F72-FB5A-4007-8970-B73A9C69E93B}.Debug|x86.Deploy.0 = Debug|x86
		{F88F7F72-FB5A-4007-8970-B73A9C69E93B}.Release|Any CPU.ActiveCfg = Release|x86
		{F88F7F72-FB5A-4007-8970-B73A9C69E93B}.Release|ARM.ActiveCfg = Release|ARM
		{F88F7F72-FB5A-4007-8970-B73A9C69E93B}.Release|ARM.Build.0 = Release|ARM
		{F88F7F72-FB5A-4007-8970-B73A9C69E93B}.Release|ARM.Deploy.0 = Release|ARM
		{F88F7F72-FB5A-4007-8970-B73A9C69E93B}.Release|x64.ActiveCfg = Release|x64
		{F88F7F72-FB5A-4007-8970-B73A9C69E93B}.Release|x64.Build.0 = Release|x64
		{F88F7F72-FB5A-4007-8970-B73A9C69E93B}.Release|x64.Deploy.0 = Release|x64
		{F88F7F72-FB5A-4007-8970-B73A9C69E93B}.Release|x86.ActiveCfg = Release|x86
		{F88F7F72-FB5A-4007-8970-B73A9C69E93B}.Release|x86.Build.0 = Release|x86
		{F88F7F72-FB5A-4007-8970-B73A9C69E93B}.Release|x86.Deploy.0 = Release|x86
	EndGlobalSection
	GlobalSection(SolutionProperties) = preSolution
		HideSolutionNode = FALSE
	EndGlobalSection
	GlobalSection(NestedProjects) = preSolution
		{A619D162-6008-4C90-8BB1-3D447EC84E4A} = {7827D917-1A01-4419-B4CF-7E594C1B2A63}
		{F88F7F72-FB5A-4007-8970-B73A9C69E93B} = {7827D917-1A01-4419-B4CF-7E594C1B2A63}
	EndGlobalSection
EndGlobal
